
Microsoft Visual Studio Solution File, Format Version 12.00
# Visual Studio Version 17
VisualStudioVersion = 17.0.31903.59
MinimumVisualStudioVersion = 10.0.40219.1
Project("{2150E333-8FDC-42A3-9474-1A3956D46DE8}") = "src", "src", "{20397553-F10C-4F2B-A4CD-9BC4C74D8307}"
EndProject
Project("{FAE04EC0-301F-11D3-BF4B-00C04F79EFBC}") = "GradeBook", "src\GradeBook\GradeBook.csproj", "{29D69808-187F-4E09-B6E5-8AC7A98A8822}"
EndProject
Project("{2150E333-8FDC-42A3-9474-1A3956D46DE8}") = "test", "test", "{CF7A88CA-28C9-405B-97E7-FD8BF9EDDD16}"
EndProject
Project("{FAE04EC0-301F-11D3-BF4B-00C04F79EFBC}") = "GradeBook.Tests", "test\GradeBook.Tests\GradeBook.Tests.csproj", "{C5217F5B-DB45-45ED-B4D3-7947450EFF19}"
EndProject
Global
	GlobalSection(SolutionConfigurationPlatforms) = preSolution
		Debug|Any CPU = Debug|Any CPU
		Release|Any CPU = Release|Any CPU
	EndGlobalSection
	GlobalSection(SolutionProperties) = preSolution
		HideSolutionNode = FALSE
	EndGlobalSection
	GlobalSection(ProjectConfigurationPlatforms) = postSolution
		{29D69808-187F-4E09-B6E5-8AC7A98A8822}.Debug|Any CPU.ActiveCfg = Debug|Any CPU
		{29D69808-187F-4E09-B6E5-8AC7A98A8822}.Debug|Any CPU.Build.0 = Debug|Any CPU
		{29D69808-187F-4E09-B6E5-8AC7A98A8822}.Release|Any CPU.ActiveCfg = Release|Any CPU
		{29D69808-187F-4E09-B6E5-8AC7A98A8822}.Release|Any CPU.Build.0 = Release|Any CPU
		{C5217F5B-DB45-45ED-B4D3-7947450EFF19}.Debug|Any CPU.ActiveCfg = Debug|Any CPU
		{C5217F5B-DB45-45ED-B4D3-7947450EFF19}.Debug|Any CPU.Build.0 = Debug|Any CPU
		{C5217F5B-DB45-45ED-B4D3-7947450EFF19}.Release|Any CPU.ActiveCfg = Release|Any CPU
		{C5217F5B-DB45-45ED-B4D3-7947450EFF19}.Release|Any CPU.Build.0 = Release|Any CPU
	EndGlobalSection
	GlobalSection(NestedProjects) = preSolution
		{29D69808-187F-4E09-B6E5-8AC7A98A8822} = {20397553-F10C-4F2B-A4CD-9BC4C74D8307}
		{C5217F5B-DB45-45ED-B4D3-7947450EFF19} = {CF7A88CA-28C9-405B-97E7-FD8BF9EDDD16}
	EndGlobalSection
EndGlobal
